
Microsoft Visual Studio Solution File, Format Version 12.00
Project("{FAE04EC0-301F-11D3-BF4B-00C04F79EFBC}") = "PkgScout.Console", "PkgScout.Console\PkgScout.Console.csproj", "{F020E946-135D-44E8-800E-D8916BA30DB6}"
EndProject
Project("{2150E333-8FDC-42A3-9474-1A3956D46DE8}") = "Config", "Config", "{D3D2E1BB-284B-42F3-BBEC-8BF43EBF3ECE}"
	ProjectSection(SolutionItems) = preProject
		..\.editorconfig = ..\.editorconfig
		..\.gitignore = ..\.gitignore
		..\README.md = ..\README.md
		..\LICENSE = ..\LICENSE
		..\.github\workflows\ci.yml = ..\.github\workflows\ci.yml
		..\Dockerfile = ..\Dockerfile
		..\.dockerignore = ..\.dockerignore
		..\docker-compose.yaml = ..\docker-compose.yaml
		..\Directory.Build.props = ..\Directory.Build.props
	EndProjectSection
EndProject
Project("{FAE04EC0-301F-11D3-BF4B-00C04F79EFBC}") = "PkgScout.Tests", ".\\PkgScout.Tests\PkgScout.Tests.csproj", "{58843787-ACA3-46E5-9C44-394826789DE0}"
EndProject
Project("{FAE04EC0-301F-11D3-BF4B-00C04F79EFBC}") = "PkgScout", "PkgScout\PkgScout.csproj", "{47FF045B-315F-4066-943A-E6384041A271}"
EndProject
Project("{2150E333-8FDC-42A3-9474-1A3956D46DE8}") = "Submodules", "Submodules", "{B9C68F70-066D-4013-B406-2A75BDA6BE30}"
EndProject
Project("{FAE04EC0-301F-11D3-BF4B-00C04F79EFBC}") = "OsScout", "..\submodules\OsScout\src\OsScout\OsScout.csproj", "{EB96104C-8605-4779-9411-496A51D97EB1}"
EndProject
Global
	GlobalSection(SolutionConfigurationPlatforms) = preSolution
		Debug|Any CPU = Debug|Any CPU
		Release|Any CPU = Release|Any CPU
	EndGlobalSection
	GlobalSection(ProjectConfigurationPlatforms) = postSolution
		{F020E946-135D-44E8-800E-D8916BA30DB6}.Debug|Any CPU.ActiveCfg = Debug|Any CPU
		{F020E946-135D-44E8-800E-D8916BA30DB6}.Debug|Any CPU.Build.0 = Debug|Any CPU
		{F020E946-135D-44E8-800E-D8916BA30DB6}.Release|Any CPU.ActiveCfg = Release|Any CPU
		{F020E946-135D-44E8-800E-D8916BA30DB6}.Release|Any CPU.Build.0 = Release|Any CPU
		{58843787-ACA3-46E5-9C44-394826789DE0}.Debug|Any CPU.ActiveCfg = Debug|Any CPU
		{58843787-ACA3-46E5-9C44-394826789DE0}.Debug|Any CPU.Build.0 = Debug|Any CPU
		{58843787-ACA3-46E5-9C44-394826789DE0}.Release|Any CPU.ActiveCfg = Release|Any CPU
		{58843787-ACA3-46E5-9C44-394826789DE0}.Release|Any CPU.Build.0 = Release|Any CPU
		{47FF045B-315F-4066-943A-E6384041A271}.Debug|Any CPU.ActiveCfg = Debug|Any CPU
		{47FF045B-315F-4066-943A-E6384041A271}.Debug|Any CPU.Build.0 = Debug|Any CPU
		{47FF045B-315F-4066-943A-E6384041A271}.Release|Any CPU.ActiveCfg = Release|Any CPU
		{47FF045B-315F-4066-943A-E6384041A271}.Release|Any CPU.Build.0 = Release|Any CPU
		{EB96104C-8605-4779-9411-496A51D97EB1}.Debug|Any CPU.ActiveCfg = Debug|Any CPU
		{EB96104C-8605-4779-9411-496A51D97EB1}.Debug|Any CPU.Build.0 = Debug|Any CPU
		{EB96104C-8605-4779-9411-496A51D97EB1}.Release|Any CPU.ActiveCfg = Release|Any CPU
		{EB96104C-8605-4779-9411-496A51D97EB1}.Release|Any CPU.Build.0 = Release|Any CPU
	EndGlobalSection
	GlobalSection(NestedProjects) = preSolution
		{EB96104C-8605-4779-9411-496A51D97EB1} = {B9C68F70-066D-4013-B406-2A75BDA6BE30}
	EndGlobalSection
EndGlobal
