
Microsoft Visual Studio Solution File, Format Version 12.00
Project("{FAE04EC0-301F-11D3-BF4B-00C04F79EFBC}") = "PkgScout.CLI", "PkgScout.CLI\PkgScout.CLI.csproj", "{F020E946-135D-44E8-800E-D8916BA30DB6}"
EndProject
Project("{2150E333-8FDC-42A3-9474-1A3956D46DE8}") = "Solution Items", "Solution Items", "{D3D2E1BB-284B-42F3-BBEC-8BF43EBF3ECE}"
	ProjectSection(SolutionItems) = preProject
		..\.editorconfig = ..\.editorconfig
		..\.gitignore = ..\.gitignore
		..\README.md = ..\README.md
		..\LICENSE = ..\LICENSE
		..\.github\workflows\ci.yml = ..\.github\workflows\ci.yml
		..\Dockerfile = ..\Dockerfile
		..\.dockerignore = ..\.dockerignore
		..\docker-compose.yaml = ..\docker-compose.yaml
		..\Directory.Build.props = ..\Directory.Build.props
	EndProjectSection
EndProject
Project("{FAE04EC0-301F-11D3-BF4B-00C04F79EFBC}") = "PkgScout.Modules", "PkgScout.Modules\PkgScout.Modules.csproj", "{ECF4D531-7ECF-41F4-BBC2-A83D307F2192}"
EndProject
Project("{2150E333-8FDC-42A3-9474-1A3956D46DE8}") = "Tests", "Tests", "{0292A722-4432-47E2-8C6C-56794ECEFDE5}"
EndProject
Project("{FAE04EC0-301F-11D3-BF4B-00C04F79EFBC}") = "PkgScout.Modules.Tests", "..\tests\PkgScout.Modules.Tests\PkgScout.Modules.Tests.csproj", "{58843787-ACA3-46E5-9C44-394826789DE0}"
EndProject
Global
	GlobalSection(SolutionConfigurationPlatforms) = preSolution
		Debug|Any CPU = Debug|Any CPU
		Release|Any CPU = Release|Any CPU
	EndGlobalSection
	GlobalSection(ProjectConfigurationPlatforms) = postSolution
		{F020E946-135D-44E8-800E-D8916BA30DB6}.Debug|Any CPU.ActiveCfg = Debug|Any CPU
		{F020E946-135D-44E8-800E-D8916BA30DB6}.Debug|Any CPU.Build.0 = Debug|Any CPU
		{F020E946-135D-44E8-800E-D8916BA30DB6}.Release|Any CPU.ActiveCfg = Release|Any CPU
		{F020E946-135D-44E8-800E-D8916BA30DB6}.Release|Any CPU.Build.0 = Release|Any CPU
		{ECF4D531-7ECF-41F4-BBC2-A83D307F2192}.Debug|Any CPU.ActiveCfg = Debug|Any CPU
		{ECF4D531-7ECF-41F4-BBC2-A83D307F2192}.Debug|Any CPU.Build.0 = Debug|Any CPU
		{ECF4D531-7ECF-41F4-BBC2-A83D307F2192}.Release|Any CPU.ActiveCfg = Release|Any CPU
		{ECF4D531-7ECF-41F4-BBC2-A83D307F2192}.Release|Any CPU.Build.0 = Release|Any CPU
		{58843787-ACA3-46E5-9C44-394826789DE0}.Debug|Any CPU.ActiveCfg = Debug|Any CPU
		{58843787-ACA3-46E5-9C44-394826789DE0}.Debug|Any CPU.Build.0 = Debug|Any CPU
		{58843787-ACA3-46E5-9C44-394826789DE0}.Release|Any CPU.ActiveCfg = Release|Any CPU
		{58843787-ACA3-46E5-9C44-394826789DE0}.Release|Any CPU.Build.0 = Release|Any CPU
	EndGlobalSection
	GlobalSection(NestedProjects) = preSolution
		{58843787-ACA3-46E5-9C44-394826789DE0} = {0292A722-4432-47E2-8C6C-56794ECEFDE5}
	EndGlobalSection
EndGlobal
